{
  "name": "gostman",
  "lockfileVersion": 3,
  "requires": true,
  "packages": {
    "": {
      "dependencies": {
        "parse-curl": "^0.2.6"
      }
    },
    "node_modules/parse-curl": {
      "version": "0.2.6",
      "resolved": "https://registry.npmjs.org/parse-curl/-/parse-curl-0.2.6.tgz",
      "integrity": "sha512-ENhXeIxG4A6wFvYSU87b0o3Tp6U+Wup069GYhXCn0ZP/E7evfvomTSM/MeEOs3QTyuye+u2r7fFRj6nX0q9kQA==",
      "dependencies": {
        "shellwords": "^0.1.0"
      }
    },
    "node_modules/shellwords": {
      "version": "0.1.1",
      "resolved": "https://registry.npmjs.org/shellwords/-/shellwords-0.1.1.tgz",
      "integrity": "sha512-vFwSUfQvqybiICwZY5+DAWIPLKsWO31Q91JSKl3UYv+K5c2QRPzn0qzec6QPu1Qc9eHYItiP3NdJqNVqetYAww==",
      "license": "MIT"
    }
  }
}
